// !$*UTF8*$!
{
	archiveVersion = 1;
	classes = {
	};
	objectVersion = 50;
	objects = {

/* Begin PBXBuildFile section */
		90E8B7B222FB6F0900C24410 /* AppDelegate.swift in Sources */ = {isa = PBXBuildFile; fileRef = 90E8B7B122FB6F0900C24410 /* AppDelegate.swift */; };
		90E8B7B722FB6F0900C24410 /* Main.storyboard in Resources */ = {isa = PBXBuildFile; fileRef = 90E8B7B522FB6F0900C24410 /* Main.storyboard */; };
		90E8B7B922FB6F0A00C24410 /* Assets.xcassets in Resources */ = {isa = PBXBuildFile; fileRef = 90E8B7B822FB6F0A00C24410 /* Assets.xcassets */; };
		90E8B7BC22FB6F0A00C24410 /* LaunchScreen.storyboard in Resources */ = {isa = PBXBuildFile; fileRef = 90E8B7BA22FB6F0A00C24410 /* LaunchScreen.storyboard */; };
		90E8B7C422FB707B00C24410 /* WinnersTableViewController.swift in Sources */ = {isa = PBXBuildFile; fileRef = 90E8B7C322FB707B00C24410 /* WinnersTableViewController.swift */; };
/* End PBXBuildFile section */

/* Begin PBXFileReference section */
		90E8B7AE22FB6F0900C24410 /* Sc08_App_CampeõesCopaV3.app */ = {isa = PBXFileReference; explicitFileType = wrapper.application; includeInIndex = 0; path = "Sc08_App_CampeõesCopaV3.app"; sourceTree = BUILT_PRODUCTS_DIR; };
		90E8B7B122FB6F0900C24410 /* AppDelegate.swift */ = {isa = PBXFileReference; lastKnownFileType = sourcecode.swift; path = AppDelegate.swift; sourceTree = "<group>"; };
		90E8B7B622FB6F0900C24410 /* Base */ = {isa = PBXFileReference; lastKnownFileType = file.storyboard; name = Base; path = Base.lproj/Main.storyboard; sourceTree = "<group>"; };
		90E8B7B822FB6F0A00C24410 /* Assets.xcassets */ = {isa = PBXFileReference; lastKnownFileType = folder.assetcatalog; path = Assets.xcassets; sourceTree = "<group>"; };
		90E8B7BB22FB6F0A00C24410 /* Base */ = {isa = PBXFileReference; lastKnownFileType = file.storyboard; name = Base; path = Base.lproj/LaunchScreen.storyboard; sourceTree = "<group>"; };
		90E8B7BD22FB6F0A00C24410 /* Info.plist */ = {isa = PBXFileReference; lastKnownFileType = text.plist.xml; path = Info.plist; sourceTree = "<group>"; };
		90E8B7C322FB707B00C24410 /* WinnersTableViewController.swift */ = {isa = PBXFileReference; lastKnownFileType = sourcecode.swift; path = WinnersTableViewController.swift; sourceTree = "<group>"; };
/* End PBXFileReference section */

/* Begin PBXFrameworksBuildPhase section */
		90E8B7AB22FB6F0900C24410 /* Frameworks */ = {
			isa = PBXFrameworksBuildPhase;
			buildActionMask = 2147483647;
			files = (
			);
			runOnlyForDeploymentPostprocessing = 0;
		};
/* End PBXFrameworksBuildPhase section */

/* Begin PBXGroup section */
		90E8B7A522FB6F0900C24410 = {
			isa = PBXGroup;
			children = (
				90E8B7B022FB6F0900C24410 /* Sc08_App_CampeõesCopaV3 */,
				90E8B7AF22FB6F0900C24410 /* Products */,
			);
			sourceTree = "<group>";
		};
		90E8B7AF22FB6F0900C24410 /* Products */ = {
			isa = PBXGroup;
			children = (
				90E8B7AE22FB6F0900C24410 /* Sc08_App_CampeõesCopaV3.app */,
			);
			name = Products;
			sourceTree = "<group>";
		};
		90E8B7B022FB6F0900C24410 /* Sc08_App_CampeõesCopaV3 */ = {
			isa = PBXGroup;
			children = (
				90E8B7C322FB707B00C24410 /* WinnersTableViewController.swift */,
				90E8B7B122FB6F0900C24410 /* AppDelegate.swift */,
				90E8B7B522FB6F0900C24410 /* Main.storyboard */,
				90E8B7B822FB6F0A00C24410 /* Assets.xcassets */,
				90E8B7BA22FB6F0A00C24410 /* LaunchScreen.storyboard */,
				90E8B7BD22FB6F0A00C24410 /* Info.plist */,
			);
			path = "Sc08_App_CampeõesCopaV3";
			sourceTree = "<group>";
		};
/* End PBXGroup section */

/* Begin PBXNativeTarget section */
		90E8B7AD22FB6F0900C24410 /* Sc08_App_CampeõesCopaV3 */ = {
			isa = PBXNativeTarget;
			buildConfigurationList = 90E8B7C022FB6F0A00C24410 /* Build configuration list for PBXNativeTarget "Sc08_App_CampeõesCopaV3" */;
			buildPhases = (
				90E8B7AA22FB6F0900C24410 /* Sources */,
				90E8B7AB22FB6F0900C24410 /* Frameworks */,
				90E8B7AC22FB6F0900C24410 /* Resources */,
			);
			buildRules = (
			);
			dependencies = (
			);
			name = "Sc08_App_CampeõesCopaV3";
			productName = "Sc08_App_CampeõesCopaV3";
			productReference = 90E8B7AE22FB6F0900C24410 /* Sc08_App_CampeõesCopaV3.app */;
			productType = "com.apple.product-type.application";
		};
/* End PBXNativeTarget section */

/* Begin PBXProject section */
		90E8B7A622FB6F0900C24410 /* Project object */ = {
			isa = PBXProject;
			attributes = {
				LastSwiftUpdateCheck = 1030;
				LastUpgradeCheck = 1030;
				ORGANIZATIONNAME = paulopr4;
				TargetAttributes = {
					90E8B7AD22FB6F0900C24410 = {
						CreatedOnToolsVersion = 10.3;
					};
				};
			};
			buildConfigurationList = 90E8B7A922FB6F0900C24410 /* Build configuration list for PBXProject "Sc08_App_CampeõesCopaV3" */;
			compatibilityVersion = "Xcode 9.3";
			developmentRegion = en;
			hasScannedForEncodings = 0;
			knownRegions = (
				en,
				Base,
			);
			mainGroup = 90E8B7A522FB6F0900C24410;
			productRefGroup = 90E8B7AF22FB6F0900C24410 /* Products */;
			projectDirPath = "";
			projectRoot = "";
			targets = (
				90E8B7AD22FB6F0900C24410 /* Sc08_App_CampeõesCopaV3 */,
			);
		};
/* End PBXProject section */

/* Begin PBXResourcesBuildPhase section */
		90E8B7AC22FB6F0900C24410 /* Resources */ = {
			isa = PBXResourcesBuildPhase;
			buildActionMask = 2147483647;
			files = (
				90E8B7BC22FB6F0A00C24410 /* LaunchScreen.storyboard in Resources */,
				90E8B7B922FB6F0A00C24410 /* Assets.xcassets in Resources */,
				90E8B7B722FB6F0900C24410 /* Main.storyboard in Resources */,
			);
			runOnlyForDeploymentPostprocessing = 0;
		};
/* End PBXResourcesBuildPhase section */

/* Begin PBXSourcesBuildPhase section */
		90E8B7AA22FB6F0900C24410 /* Sources */ = {
			isa = PBXSourcesBuildPhase;
			buildActionMask = 2147483647;
			files = (
				90E8B7C422FB707B00C24410 /* WinnersTableViewController.swift in Sources */,
				90E8B7B222FB6F0900C24410 /* AppDelegate.swift in Sources */,
			);
			runOnlyForDeploymentPostprocessing = 0;
		};
/* End PBXSourcesBuildPhase section */

/* Begin PBXVariantGroup section */
		90E8B7B522FB6F0900C24410 /* Main.storyboard */ = {
			isa = PBXVariantGroup;
			children = (
				90E8B7B622FB6F0900C24410 /* Base */,
			);
			name = Main.storyboard;
			sourceTree = "<group>";
		};
		90E8B7BA22FB6F0A00C24410 /* LaunchScreen.storyboard */ = {
			isa = PBXVariantGroup;
			children = (
				90E8B7BB22FB6F0A00C24410 /* Base */,
			);
			name = LaunchScreen.storyboard;
			sourceTree = "<group>";
		};
/* End PBXVariantGroup section */

/* Begin XCBuildConfiguration section */
		90E8B7BE22FB6F0A00C24410 /* Debug */ = {
			isa = XCBuildConfiguration;
			buildSettings = {
				ALWAYS_SEARCH_USER_PATHS = NO;
				CLANG_ANALYZER_NONNULL = YES;
				CLANG_ANALYZER_NUMBER_OBJECT_CONVERSION = YES_AGGRESSIVE;
				CLANG_CXX_LANGUAGE_STANDARD = "gnu++14";
				CLANG_CXX_LIBRARY = "libc++";
				CLANG_ENABLE_MODULES = YES;
				CLANG_ENABLE_OBJC_ARC = YES;
				CLANG_ENABLE_OBJC_WEAK = YES;
				CLANG_WARN_BLOCK_CAPTURE_AUTORELEASING = YES;
				CLANG_WARN_BOOL_CONVERSION = YES;
				CLANG_WARN_COMMA = YES;
				CLANG_WARN_CONSTANT_CONVERSION = YES;
				CLANG_WARN_DEPRECATED_OBJC_IMPLEMENTATIONS = YES;
				CLANG_WARN_DIRECT_OBJC_ISA_USAGE = YES_ERROR;
				CLANG_WARN_DOCUMENTATION_COMMENTS = YES;
				CLANG_WARN_EMPTY_BODY = YES;
				CLANG_WARN_ENUM_CONVERSION = YES;
				CLANG_WARN_INFINITE_RECURSION = YES;
				CLANG_WARN_INT_CONVERSION = YES;
				CLANG_WARN_NON_LITERAL_NULL_CONVERSION = YES;
				CLANG_WARN_OBJC_IMPLICIT_RETAIN_SELF = YES;
				CLANG_WARN_OBJC_LITERAL_CONVERSION = YES;
				CLANG_WARN_OBJC_ROOT_CLASS = YES_ERROR;
				CLANG_WARN_RANGE_LOOP_ANALYSIS = YES;
				CLANG_WARN_STRICT_PROTOTYPES = YES;
				CLANG_WARN_SUSPICIOUS_MOVE = YES;
				CLANG_WARN_UNGUARDED_AVAILABILITY = YES_AGGRESSIVE;
				CLANG_WARN_UNREACHABLE_CODE = YES;
				CLANG_WARN__DUPLICATE_METHOD_MATCH = YES;
				CODE_SIGN_IDENTITY = "iPhone Developer";
				COPY_PHASE_STRIP = NO;
				DEBUG_INFORMATION_FORMAT = dwarf;
				ENABLE_STRICT_OBJC_MSGSEND = YES;
				ENABLE_TESTABILITY = YES;
				GCC_C_LANGUAGE_STANDARD = gnu11;
				GCC_DYNAMIC_NO_PIC = NO;
				GCC_NO_COMMON_BLOCKS = YES;
				GCC_OPTIMIZATION_LEVEL = 0;
				GCC_PREPROCESSOR_DEFINITIONS = (
					"DEBUG=1",
					"$(inherited)",
				);
				GCC_WARN_64_TO_32_BIT_CONVERSION = YES;
				GCC_WARN_ABOUT_RETURN_TYPE = YES_ERROR;
				GCC_WARN_UNDECLARED_SELECTOR = YES;
				GCC_WARN_UNINITIALIZED_AUTOS = YES_AGGRESSIVE;
				GCC_WARN_UNUSED_FUNCTION = YES;
				GCC_WARN_UNUSED_VARIABLE = YES;
				IPHONEOS_DEPLOYMENT_TARGET = 12.4;
				MTL_ENABLE_DEBUG_INFO = INCLUDE_SOURCE;
				MTL_FAST_MATH = YES;
				ONLY_ACTIVE_ARCH = YES;
				SDKROOT = iphoneos;
				SWIFT_ACTIVE_COMPILATION_CONDITIONS = DEBUG;
				SWIFT_OPTIMIZATION_LEVEL = "-Onone";
			};
			name = Debug;
		};
		90E8B7BF22FB6F0A00C24410 /* Release */ = {
			isa = XCBuildConfiguration;
			buildSettings = {
				ALWAYS_SEARCH_USER_PATHS = NO;
				CLANG_ANALYZER_NONNULL = YES;
				CLANG_ANALYZER_NUMBER_OBJECT_CONVERSION = YES_AGGRESSIVE;
				CLANG_CXX_LANGUAGE_STANDARD = "gnu++14";
				CLANG_CXX_LIBRARY = "libc++";
				CLANG_ENABLE_MODULES = YES;
				CLANG_ENABLE_OBJC_ARC = YES;
				CLANG_ENABLE_OBJC_WEAK = YES;
				CLANG_WARN_BLOCK_CAPTURE_AUTORELEASING = YES;
				CLANG_WARN_BOOL_CONVERSION = YES;
				CLANG_WARN_COMMA = YES;
				CLANG_WARN_CONSTANT_CONVERSION = YES;
				CLANG_WARN_DEPRECATED_OBJC_IMPLEMENTATIONS = YES;
				CLANG_WARN_DIRECT_OBJC_ISA_USAGE = YES_ERROR;
				CLANG_WARN_DOCUMENTATION_COMMENTS = YES;
				CLANG_WARN_EMPTY_BODY = YES;
				CLANG_WARN_ENUM_CONVERSION = YES;
				CLANG_WARN_INFINITE_RECURSION = YES;
				CLANG_WARN_INT_CONVERSION = YES;
				CLANG_WARN_NON_LITERAL_NULL_CONVERSION = YES;
				CLANG_WARN_OBJC_IMPLICIT_RETAIN_SELF = YES;
				CLANG_WARN_OBJC_LITERAL_CONVERSION = YES;
				CLANG_WARN_OBJC_ROOT_CLASS = YES_ERROR;
				CLANG_WARN_RANGE_LOOP_ANALYSIS = YES;
				CLANG_WARN_STRICT_PROTOTYPES = YES;
				CLANG_WARN_SUSPICIOUS_MOVE = YES;
				CLANG_WARN_UNGUARDED_AVAILABILITY = YES_AGGRESSIVE;
				CLANG_WARN_UNREACHABLE_CODE = YES;
				CLANG_WARN__DUPLICATE_METHOD_MATCH = YES;
				CODE_SIGN_IDENTITY = "iPhone Developer";
				COPY_PHASE_STRIP = NO;
				DEBUG_INFORMATION_FORMAT = "dwarf-with-dsym";
				ENABLE_NS_ASSERTIONS = NO;
				ENABLE_STRICT_OBJC_MSGSEND = YES;
				GCC_C_LANGUAGE_STANDARD = gnu11;
				GCC_NO_COMMON_BLOCKS = YES;
				GCC_WARN_64_TO_32_BIT_CONVERSION = YES;
				GCC_WARN_ABOUT_RETURN_TYPE = YES_ERROR;
				GCC_WARN_UNDECLARED_SELECTOR = YES;
				GCC_WARN_UNINITIALIZED_AUTOS = YES_AGGRESSIVE;
				GCC_WARN_UNUSED_FUNCTION = YES;
				GCC_WARN_UNUSED_VARIABLE = YES;
				IPHONEOS_DEPLOYMENT_TARGET = 12.4;
				MTL_ENABLE_DEBUG_INFO = NO;
				MTL_FAST_MATH = YES;
				SDKROOT = iphoneos;
				SWIFT_COMPILATION_MODE = wholemodule;
				SWIFT_OPTIMIZATION_LEVEL = "-O";
				VALIDATE_PRODUCT = YES;
			};
			name = Release;
		};
		90E8B7C122FB6F0A00C24410 /* Debug */ = {
			isa = XCBuildConfiguration;
			buildSettings = {
				ASSETCATALOG_COMPILER_APPICON_NAME = AppIcon;
				CODE_SIGN_STYLE = Automatic;
				DEVELOPMENT_TEAM = PC76ST9CMU;
				INFOPLIST_FILE = "Sc08_App_CampeõesCopaV3/Info.plist";
				LD_RUNPATH_SEARCH_PATHS = (
					"$(inherited)",
					"@executable_path/Frameworks",
				);
				PRODUCT_BUNDLE_IDENTIFIER = "com.pr4trade.paulo.Sc08-App-Campeo-esCopaV3";
				PRODUCT_NAME = "$(TARGET_NAME)";
				SWIFT_VERSION = 5.0;
				TARGETED_DEVICE_FAMILY = "1,2";
			};
			name = Debug;
		};
		90E8B7C222FB6F0A00C24410 /* Release */ = {
			isa = XCBuildConfiguration;
			buildSettings = {
				ASSETCATALOG_COMPILER_APPICON_NAME = AppIcon;
				CODE_SIGN_STYLE = Automatic;
				DEVELOPMENT_TEAM = PC76ST9CMU;
				INFOPLIST_FILE = "Sc08_App_CampeõesCopaV3/Info.plist";
				LD_RUNPATH_SEARCH_PATHS = (
					"$(inherited)",
					"@executable_path/Frameworks",
				);
				PRODUCT_BUNDLE_IDENTIFIER = "com.pr4trade.paulo.Sc08-App-Campeo-esCopaV3";
				PRODUCT_NAME = "$(TARGET_NAME)";
				SWIFT_VERSION = 5.0;
				TARGETED_DEVICE_FAMILY = "1,2";
			};
			name = Release;
		};
/* End XCBuildConfiguration section */

/* Begin XCConfigurationList section */
		90E8B7A922FB6F0900C24410 /* Build configuration list for PBXProject "Sc08_App_CampeõesCopaV3" */ = {
			isa = XCConfigurationList;
			buildConfigurations = (
				90E8B7BE22FB6F0A00C24410 /* Debug */,
				90E8B7BF22FB6F0A00C24410 /* Release */,
			);
			defaultConfigurationIsVisible = 0;
			defaultConfigurationName = Release;
		};
		90E8B7C022FB6F0A00C24410 /* Build configuration list for PBXNativeTarget "Sc08_App_CampeõesCopaV3" */ = {
			isa = XCConfigurationList;
			buildConfigurations = (
				90E8B7C122FB6F0A00C24410 /* Debug */,
				90E8B7C222FB6F0A00C24410 /* Release */,
			);
			defaultConfigurationIsVisible = 0;
			defaultConfigurationName = Release;
		};
/* End XCConfigurationList section */
	};
	rootObject = 90E8B7A622FB6F0900C24410 /* Project object */;
}
