// !$*UTF8*$!
{
	archiveVersion = 1;
	classes = {
	};
	objectVersion = 50;
	objects = {

/* Begin PBXBuildFile section */
		90E8B72622FB615A00C24410 /* AppDelegate.swift in Sources */ = {isa = PBXBuildFile; fileRef = 90E8B72522FB615A00C24410 /* AppDelegate.swift */; };
		90E8B72B22FB615B00C24410 /* Main.storyboard in Resources */ = {isa = PBXBuildFile; fileRef = 90E8B72922FB615B00C24410 /* Main.storyboard */; };
		90E8B72D22FB615C00C24410 /* Assets.xcassets in Resources */ = {isa = PBXBuildFile; fileRef = 90E8B72C22FB615C00C24410 /* Assets.xcassets */; };
		90E8B73022FB615C00C24410 /* LaunchScreen.storyboard in Resources */ = {isa = PBXBuildFile; fileRef = 90E8B72E22FB615C00C24410 /* LaunchScreen.storyboard */; };
		90E8B73822FB628300C24410 /* WinnersTableViewController.swift in Sources */ = {isa = PBXBuildFile; fileRef = 90E8B73722FB628300C24410 /* WinnersTableViewController.swift */; };
		90E8B76D22FB641E00C24410 /* Inglaterra.png in Resources */ = {isa = PBXBuildFile; fileRef = 90E8B73C22FB641C00C24410 /* Inglaterra.png */; };
		90E8B76E22FB641E00C24410 /* Costa Rica.png in Resources */ = {isa = PBXBuildFile; fileRef = 90E8B73D22FB641C00C24410 /* Costa Rica.png */; };
		90E8B76F22FB641E00C24410 /* Arábia Saudita.png in Resources */ = {isa = PBXBuildFile; fileRef = 90E8B73E22FB641C00C24410 /* Arábia Saudita.png */; };
		90E8B77022FB641E00C24410 /* Alemanha Oriental.png in Resources */ = {isa = PBXBuildFile; fileRef = 90E8B73F22FB641C00C24410 /* Alemanha Oriental.png */; };
		90E8B77122FB641E00C24410 /* País de Gales.png in Resources */ = {isa = PBXBuildFile; fileRef = 90E8B74022FB641C00C24410 /* País de Gales.png */; };
		90E8B77222FB641E00C24410 /* Honduras.png in Resources */ = {isa = PBXBuildFile; fileRef = 90E8B74122FB641C00C24410 /* Honduras.png */; };
		90E8B77322FB641E00C24410 /* Alemanha Ocidental.png in Resources */ = {isa = PBXBuildFile; fileRef = 90E8B74222FB641C00C24410 /* Alemanha Ocidental.png */; };
		90E8B77422FB641E00C24410 /* Turquia.png in Resources */ = {isa = PBXBuildFile; fileRef = 90E8B74322FB641C00C24410 /* Turquia.png */; };
		90E8B77522FB641E00C24410 /* Gana.png in Resources */ = {isa = PBXBuildFile; fileRef = 90E8B74422FB641C00C24410 /* Gana.png */; };
		90E8B77622FB641E00C24410 /* França.png in Resources */ = {isa = PBXBuildFile; fileRef = 90E8B74522FB641C00C24410 /* França.png */; };
		90E8B77722FB641E00C24410 /* Estados Unidos.png in Resources */ = {isa = PBXBuildFile; fileRef = 90E8B74622FB641C00C24410 /* Estados Unidos.png */; };
		90E8B77822FB641E00C24410 /* Brasil.png in Resources */ = {isa = PBXBuildFile; fileRef = 90E8B74722FB641C00C24410 /* Brasil.png */; };
		90E8B77922FB641E00C24410 /* Colômbia.png in Resources */ = {isa = PBXBuildFile; fileRef = 90E8B74822FB641C00C24410 /* Colômbia.png */; };
		90E8B77A22FB641E00C24410 /* Uruguai.png in Resources */ = {isa = PBXBuildFile; fileRef = 90E8B74922FB641C00C24410 /* Uruguai.png */; };
		90E8B77B22FB641E00C24410 /* África do Sul.png in Resources */ = {isa = PBXBuildFile; fileRef = 90E8B74A22FB641C00C24410 /* África do Sul.png */; };
		90E8B77C22FB641E00C24410 /* Tchecoslováquia.png in Resources */ = {isa = PBXBuildFile; fileRef = 90E8B74B22FB641C00C24410 /* Tchecoslováquia.png */; };
		90E8B77D22FB641E00C24410 /* Austrália.png in Resources */ = {isa = PBXBuildFile; fileRef = 90E8B74C22FB641C00C24410 /* Austrália.png */; };
		90E8B77E22FB641E00C24410 /* República Tcheca.png in Resources */ = {isa = PBXBuildFile; fileRef = 90E8B74D22FB641C00C24410 /* República Tcheca.png */; };
		90E8B77F22FB641E00C24410 /* Chile.png in Resources */ = {isa = PBXBuildFile; fileRef = 90E8B74E22FB641C00C24410 /* Chile.png */; };
		90E8B78022FB641E00C24410 /* Paraguai.png in Resources */ = {isa = PBXBuildFile; fileRef = 90E8B74F22FB641C00C24410 /* Paraguai.png */; };
		90E8B78122FB641E00C24410 /* Dinamarca.png in Resources */ = {isa = PBXBuildFile; fileRef = 90E8B75022FB641C00C24410 /* Dinamarca.png */; };
		90E8B78222FB641E00C24410 /* Croácia.png in Resources */ = {isa = PBXBuildFile; fileRef = 90E8B75122FB641C00C24410 /* Croácia.png */; };
		90E8B78322FB641E00C24410 /* Noruega.png in Resources */ = {isa = PBXBuildFile; fileRef = 90E8B75222FB641C00C24410 /* Noruega.png */; };
		90E8B78422FB641E00C24410 /* Coréia do Sul.png in Resources */ = {isa = PBXBuildFile; fileRef = 90E8B75322FB641C00C24410 /* Coréia do Sul.png */; };
		90E8B78522FB641E00C24410 /* Ucrânia.png in Resources */ = {isa = PBXBuildFile; fileRef = 90E8B75422FB641C00C24410 /* Ucrânia.png */; };
		90E8B78622FB641E00C24410 /* Polônia.png in Resources */ = {isa = PBXBuildFile; fileRef = 90E8B75522FB641D00C24410 /* Polônia.png */; };
		90E8B78722FB641E00C24410 /* Bulgária.png in Resources */ = {isa = PBXBuildFile; fileRef = 90E8B75622FB641D00C24410 /* Bulgária.png */; };
		90E8B78822FB641E00C24410 /* Rússia.png in Resources */ = {isa = PBXBuildFile; fileRef = 90E8B75722FB641D00C24410 /* Rússia.png */; };
		90E8B78922FB641E00C24410 /* Emirados Árabes.png in Resources */ = {isa = PBXBuildFile; fileRef = 90E8B75822FB641D00C24410 /* Emirados Árabes.png */; };
		90E8B78A22FB641E00C24410 /* União Soviética.png in Resources */ = {isa = PBXBuildFile; fileRef = 90E8B75922FB641D00C24410 /* União Soviética.png */; };
		90E8B78B22FB641E00C24410 /* Suíça.png in Resources */ = {isa = PBXBuildFile; fileRef = 90E8B75A22FB641D00C24410 /* Suíça.png */; };
		90E8B78C22FB641E00C24410 /* Portugal.png in Resources */ = {isa = PBXBuildFile; fileRef = 90E8B75B22FB641D00C24410 /* Portugal.png */; };
		90E8B78D22FB641E00C24410 /* Hungria.png in Resources */ = {isa = PBXBuildFile; fileRef = 90E8B75C22FB641D00C24410 /* Hungria.png */; };
		90E8B78E22FB641E00C24410 /* Espanha.png in Resources */ = {isa = PBXBuildFile; fileRef = 90E8B75D22FB641D00C24410 /* Espanha.png */; };
		90E8B78F22FB641E00C24410 /* Iugoslávia.png in Resources */ = {isa = PBXBuildFile; fileRef = 90E8B75E22FB641D00C24410 /* Iugoslávia.png */; };
		90E8B79022FB641E00C24410 /* China.png in Resources */ = {isa = PBXBuildFile; fileRef = 90E8B75F22FB641D00C24410 /* China.png */; };
		90E8B79122FB641E00C24410 /* Argentina.png in Resources */ = {isa = PBXBuildFile; fileRef = 90E8B76022FB641D00C24410 /* Argentina.png */; };
		90E8B79222FB641E00C24410 /* Itália.png in Resources */ = {isa = PBXBuildFile; fileRef = 90E8B76122FB641D00C24410 /* Itália.png */; };
		90E8B79322FB641E00C24410 /* Romênia.png in Resources */ = {isa = PBXBuildFile; fileRef = 90E8B76222FB641D00C24410 /* Romênia.png */; };
		90E8B79422FB641E00C24410 /* Suécia.png in Resources */ = {isa = PBXBuildFile; fileRef = 90E8B76322FB641D00C24410 /* Suécia.png */; };
		90E8B79522FB641E00C24410 /* Bélgica.png in Resources */ = {isa = PBXBuildFile; fileRef = 90E8B76422FB641D00C24410 /* Bélgica.png */; };
		90E8B79622FB641E00C24410 /* Peru.png in Resources */ = {isa = PBXBuildFile; fileRef = 90E8B76522FB641D00C24410 /* Peru.png */; };
		90E8B79722FB641E00C24410 /* Holanda.png in Resources */ = {isa = PBXBuildFile; fileRef = 90E8B76622FB641D00C24410 /* Holanda.png */; };
		90E8B79822FB641E00C24410 /* Argélia.png in Resources */ = {isa = PBXBuildFile; fileRef = 90E8B76722FB641E00C24410 /* Argélia.png */; };
		90E8B79922FB641E00C24410 /* Alemanha.png in Resources */ = {isa = PBXBuildFile; fileRef = 90E8B76822FB641E00C24410 /* Alemanha.png */; };
		90E8B79A22FB641E00C24410 /* México.png in Resources */ = {isa = PBXBuildFile; fileRef = 90E8B76922FB641E00C24410 /* México.png */; };
		90E8B79B22FB641E00C24410 /* Bolívia.png in Resources */ = {isa = PBXBuildFile; fileRef = 90E8B76A22FB641E00C24410 /* Bolívia.png */; };
		90E8B79C22FB641E00C24410 /* Camarões.png in Resources */ = {isa = PBXBuildFile; fileRef = 90E8B76B22FB641E00C24410 /* Camarões.png */; };
		90E8B79D22FB641E00C24410 /* Áustria.png in Resources */ = {isa = PBXBuildFile; fileRef = 90E8B76C22FB641E00C24410 /* Áustria.png */; };
		90E8B79F22FB642C00C24410 /* winners.json in Resources */ = {isa = PBXBuildFile; fileRef = 90E8B79E22FB642C00C24410 /* winners.json */; };
		90E8B7A222FB66F400C24410 /* WordCupViewController.swift in Sources */ = {isa = PBXBuildFile; fileRef = 90E8B7A122FB66F400C24410 /* WordCupViewController.swift */; };
		90E8B7A422FB674C00C24410 /* WorldCup.swift in Sources */ = {isa = PBXBuildFile; fileRef = 90E8B7A322FB674C00C24410 /* WorldCup.swift */; };
/* End PBXBuildFile section */

/* Begin PBXFileReference section */
		90E8B72222FB615A00C24410 /* Sc08_App_CampeõesCopaV2.app */ = {isa = PBXFileReference; explicitFileType = wrapper.application; includeInIndex = 0; path = "Sc08_App_CampeõesCopaV2.app"; sourceTree = BUILT_PRODUCTS_DIR; };
		90E8B72522FB615A00C24410 /* AppDelegate.swift */ = {isa = PBXFileReference; lastKnownFileType = sourcecode.swift; path = AppDelegate.swift; sourceTree = "<group>"; };
		90E8B72A22FB615B00C24410 /* Base */ = {isa = PBXFileReference; lastKnownFileType = file.storyboard; name = Base; path = Base.lproj/Main.storyboard; sourceTree = "<group>"; };
		90E8B72C22FB615C00C24410 /* Assets.xcassets */ = {isa = PBXFileReference; lastKnownFileType = folder.assetcatalog; path = Assets.xcassets; sourceTree = "<group>"; };
		90E8B72F22FB615C00C24410 /* Base */ = {isa = PBXFileReference; lastKnownFileType = file.storyboard; name = Base; path = Base.lproj/LaunchScreen.storyboard; sourceTree = "<group>"; };
		90E8B73122FB615C00C24410 /* Info.plist */ = {isa = PBXFileReference; lastKnownFileType = text.plist.xml; path = Info.plist; sourceTree = "<group>"; };
		90E8B73722FB628300C24410 /* WinnersTableViewController.swift */ = {isa = PBXFileReference; lastKnownFileType = sourcecode.swift; path = WinnersTableViewController.swift; sourceTree = "<group>"; };
		90E8B73C22FB641C00C24410 /* Inglaterra.png */ = {isa = PBXFileReference; lastKnownFileType = image.png; name = Inglaterra.png; path = "../../../Arquivos CampeoesDaCopa/Bandeiras/Inglaterra.png"; sourceTree = "<group>"; };
		90E8B73D22FB641C00C24410 /* Costa Rica.png */ = {isa = PBXFileReference; lastKnownFileType = image.png; name = "Costa Rica.png"; path = "../../../Arquivos CampeoesDaCopa/Bandeiras/Costa Rica.png"; sourceTree = "<group>"; };
		90E8B73E22FB641C00C24410 /* Arábia Saudita.png */ = {isa = PBXFileReference; lastKnownFileType = image.png; name = "Arábia Saudita.png"; path = "../../../Arquivos CampeoesDaCopa/Bandeiras/Arábia Saudita.png"; sourceTree = "<group>"; };
		90E8B73F22FB641C00C24410 /* Alemanha Oriental.png */ = {isa = PBXFileReference; lastKnownFileType = image.png; name = "Alemanha Oriental.png"; path = "../../../Arquivos CampeoesDaCopa/Bandeiras/Alemanha Oriental.png"; sourceTree = "<group>"; };
		90E8B74022FB641C00C24410 /* País de Gales.png */ = {isa = PBXFileReference; lastKnownFileType = image.png; name = "País de Gales.png"; path = "../../../Arquivos CampeoesDaCopa/Bandeiras/País de Gales.png"; sourceTree = "<group>"; };
		90E8B74122FB641C00C24410 /* Honduras.png */ = {isa = PBXFileReference; lastKnownFileType = image.png; name = Honduras.png; path = "../../../Arquivos CampeoesDaCopa/Bandeiras/Honduras.png"; sourceTree = "<group>"; };
		90E8B74222FB641C00C24410 /* Alemanha Ocidental.png */ = {isa = PBXFileReference; lastKnownFileType = image.png; name = "Alemanha Ocidental.png"; path = "../../../Arquivos CampeoesDaCopa/Bandeiras/Alemanha Ocidental.png"; sourceTree = "<group>"; };
		90E8B74322FB641C00C24410 /* Turquia.png */ = {isa = PBXFileReference; lastKnownFileType = image.png; name = Turquia.png; path = "../../../Arquivos CampeoesDaCopa/Bandeiras/Turquia.png"; sourceTree = "<group>"; };
		90E8B74422FB641C00C24410 /* Gana.png */ = {isa = PBXFileReference; lastKnownFileType = image.png; name = Gana.png; path = "../../../Arquivos CampeoesDaCopa/Bandeiras/Gana.png"; sourceTree = "<group>"; };
		90E8B74522FB641C00C24410 /* França.png */ = {isa = PBXFileReference; lastKnownFileType = image.png; name = "França.png"; path = "../../../Arquivos CampeoesDaCopa/Bandeiras/França.png"; sourceTree = "<group>"; };
		90E8B74622FB641C00C24410 /* Estados Unidos.png */ = {isa = PBXFileReference; lastKnownFileType = image.png; name = "Estados Unidos.png"; path = "../../../Arquivos CampeoesDaCopa/Bandeiras/Estados Unidos.png"; sourceTree = "<group>"; };
		90E8B74722FB641C00C24410 /* Brasil.png */ = {isa = PBXFileReference; lastKnownFileType = image.png; name = Brasil.png; path = "../../../Arquivos CampeoesDaCopa/Bandeiras/Brasil.png"; sourceTree = "<group>"; };
		90E8B74822FB641C00C24410 /* Colômbia.png */ = {isa = PBXFileReference; lastKnownFileType = image.png; name = "Colômbia.png"; path = "../../../Arquivos CampeoesDaCopa/Bandeiras/Colômbia.png"; sourceTree = "<group>"; };
		90E8B74922FB641C00C24410 /* Uruguai.png */ = {isa = PBXFileReference; lastKnownFileType = image.png; name = Uruguai.png; path = "../../../Arquivos CampeoesDaCopa/Bandeiras/Uruguai.png"; sourceTree = "<group>"; };
		90E8B74A22FB641C00C24410 /* África do Sul.png */ = {isa = PBXFileReference; lastKnownFileType = image.png; name = "África do Sul.png"; path = "../../../Arquivos CampeoesDaCopa/Bandeiras/África do Sul.png"; sourceTree = "<group>"; };
		90E8B74B22FB641C00C24410 /* Tchecoslováquia.png */ = {isa = PBXFileReference; lastKnownFileType = image.png; name = "Tchecoslováquia.png"; path = "../../../Arquivos CampeoesDaCopa/Bandeiras/Tchecoslováquia.png"; sourceTree = "<group>"; };
		90E8B74C22FB641C00C24410 /* Austrália.png */ = {isa = PBXFileReference; lastKnownFileType = image.png; name = "Austrália.png"; path = "../../../Arquivos CampeoesDaCopa/Bandeiras/Austrália.png"; sourceTree = "<group>"; };
		90E8B74D22FB641C00C24410 /* República Tcheca.png */ = {isa = PBXFileReference; lastKnownFileType = image.png; name = "República Tcheca.png"; path = "../../../Arquivos CampeoesDaCopa/Bandeiras/República Tcheca.png"; sourceTree = "<group>"; };
		90E8B74E22FB641C00C24410 /* Chile.png */ = {isa = PBXFileReference; lastKnownFileType = image.png; name = Chile.png; path = "../../../Arquivos CampeoesDaCopa/Bandeiras/Chile.png"; sourceTree = "<group>"; };
		90E8B74F22FB641C00C24410 /* Paraguai.png */ = {isa = PBXFileReference; lastKnownFileType = image.png; name = Paraguai.png; path = "../../../Arquivos CampeoesDaCopa/Bandeiras/Paraguai.png"; sourceTree = "<group>"; };
		90E8B75022FB641C00C24410 /* Dinamarca.png */ = {isa = PBXFileReference; lastKnownFileType = image.png; name = Dinamarca.png; path = "../../../Arquivos CampeoesDaCopa/Bandeiras/Dinamarca.png"; sourceTree = "<group>"; };
		90E8B75122FB641C00C24410 /* Croácia.png */ = {isa = PBXFileReference; lastKnownFileType = image.png; name = "Croácia.png"; path = "../../../Arquivos CampeoesDaCopa/Bandeiras/Croácia.png"; sourceTree = "<group>"; };
		90E8B75222FB641C00C24410 /* Noruega.png */ = {isa = PBXFileReference; lastKnownFileType = image.png; name = Noruega.png; path = "../../../Arquivos CampeoesDaCopa/Bandeiras/Noruega.png"; sourceTree = "<group>"; };
		90E8B75322FB641C00C24410 /* Coréia do Sul.png */ = {isa = PBXFileReference; lastKnownFileType = image.png; name = "Coréia do Sul.png"; path = "../../../Arquivos CampeoesDaCopa/Bandeiras/Coréia do Sul.png"; sourceTree = "<group>"; };
		90E8B75422FB641C00C24410 /* Ucrânia.png */ = {isa = PBXFileReference; lastKnownFileType = image.png; name = "Ucrânia.png"; path = "../../../Arquivos CampeoesDaCopa/Bandeiras/Ucrânia.png"; sourceTree = "<group>"; };
		90E8B75522FB641D00C24410 /* Polônia.png */ = {isa = PBXFileReference; lastKnownFileType = image.png; name = "Polônia.png"; path = "../../../Arquivos CampeoesDaCopa/Bandeiras/Polônia.png"; sourceTree = "<group>"; };
		90E8B75622FB641D00C24410 /* Bulgária.png */ = {isa = PBXFileReference; lastKnownFileType = image.png; name = "Bulgária.png"; path = "../../../Arquivos CampeoesDaCopa/Bandeiras/Bulgária.png"; sourceTree = "<group>"; };
		90E8B75722FB641D00C24410 /* Rússia.png */ = {isa = PBXFileReference; lastKnownFileType = image.png; name = "Rússia.png"; path = "../../../Arquivos CampeoesDaCopa/Bandeiras/Rússia.png"; sourceTree = "<group>"; };
		90E8B75822FB641D00C24410 /* Emirados Árabes.png */ = {isa = PBXFileReference; lastKnownFileType = image.png; name = "Emirados Árabes.png"; path = "../../../Arquivos CampeoesDaCopa/Bandeiras/Emirados Árabes.png"; sourceTree = "<group>"; };
		90E8B75922FB641D00C24410 /* União Soviética.png */ = {isa = PBXFileReference; lastKnownFileType = image.png; name = "União Soviética.png"; path = "../../../Arquivos CampeoesDaCopa/Bandeiras/União Soviética.png"; sourceTree = "<group>"; };
		90E8B75A22FB641D00C24410 /* Suíça.png */ = {isa = PBXFileReference; lastKnownFileType = image.png; name = "Suíça.png"; path = "../../../Arquivos CampeoesDaCopa/Bandeiras/Suíça.png"; sourceTree = "<group>"; };
		90E8B75B22FB641D00C24410 /* Portugal.png */ = {isa = PBXFileReference; lastKnownFileType = image.png; name = Portugal.png; path = "../../../Arquivos CampeoesDaCopa/Bandeiras/Portugal.png"; sourceTree = "<group>"; };
		90E8B75C22FB641D00C24410 /* Hungria.png */ = {isa = PBXFileReference; lastKnownFileType = image.png; name = Hungria.png; path = "../../../Arquivos CampeoesDaCopa/Bandeiras/Hungria.png"; sourceTree = "<group>"; };
		90E8B75D22FB641D00C24410 /* Espanha.png */ = {isa = PBXFileReference; lastKnownFileType = image.png; name = Espanha.png; path = "../../../Arquivos CampeoesDaCopa/Bandeiras/Espanha.png"; sourceTree = "<group>"; };
		90E8B75E22FB641D00C24410 /* Iugoslávia.png */ = {isa = PBXFileReference; lastKnownFileType = image.png; name = "Iugoslávia.png"; path = "../../../Arquivos CampeoesDaCopa/Bandeiras/Iugoslávia.png"; sourceTree = "<group>"; };
		90E8B75F22FB641D00C24410 /* China.png */ = {isa = PBXFileReference; lastKnownFileType = image.png; name = China.png; path = "../../../Arquivos CampeoesDaCopa/Bandeiras/China.png"; sourceTree = "<group>"; };
		90E8B76022FB641D00C24410 /* Argentina.png */ = {isa = PBXFileReference; lastKnownFileType = image.png; name = Argentina.png; path = "../../../Arquivos CampeoesDaCopa/Bandeiras/Argentina.png"; sourceTree = "<group>"; };
		90E8B76122FB641D00C24410 /* Itália.png */ = {isa = PBXFileReference; lastKnownFileType = image.png; name = "Itália.png"; path = "../../../Arquivos CampeoesDaCopa/Bandeiras/Itália.png"; sourceTree = "<group>"; };
		90E8B76222FB641D00C24410 /* Romênia.png */ = {isa = PBXFileReference; lastKnownFileType = image.png; name = "Romênia.png"; path = "../../../Arquivos CampeoesDaCopa/Bandeiras/Romênia.png"; sourceTree = "<group>"; };
		90E8B76322FB641D00C24410 /* Suécia.png */ = {isa = PBXFileReference; lastKnownFileType = image.png; name = "Suécia.png"; path = "../../../Arquivos CampeoesDaCopa/Bandeiras/Suécia.png"; sourceTree = "<group>"; };
		90E8B76422FB641D00C24410 /* Bélgica.png */ = {isa = PBXFileReference; lastKnownFileType = image.png; name = "Bélgica.png"; path = "../../../Arquivos CampeoesDaCopa/Bandeiras/Bélgica.png"; sourceTree = "<group>"; };
		90E8B76522FB641D00C24410 /* Peru.png */ = {isa = PBXFileReference; lastKnownFileType = image.png; name = Peru.png; path = "../../../Arquivos CampeoesDaCopa/Bandeiras/Peru.png"; sourceTree = "<group>"; };
		90E8B76622FB641D00C24410 /* Holanda.png */ = {isa = PBXFileReference; lastKnownFileType = image.png; name = Holanda.png; path = "../../../Arquivos CampeoesDaCopa/Bandeiras/Holanda.png"; sourceTree = "<group>"; };
		90E8B76722FB641E00C24410 /* Argélia.png */ = {isa = PBXFileReference; lastKnownFileType = image.png; name = "Argélia.png"; path = "../../../Arquivos CampeoesDaCopa/Bandeiras/Argélia.png"; sourceTree = "<group>"; };
		90E8B76822FB641E00C24410 /* Alemanha.png */ = {isa = PBXFileReference; lastKnownFileType = image.png; name = Alemanha.png; path = "../../../Arquivos CampeoesDaCopa/Bandeiras/Alemanha.png"; sourceTree = "<group>"; };
		90E8B76922FB641E00C24410 /* México.png */ = {isa = PBXFileReference; lastKnownFileType = image.png; name = "México.png"; path = "../../../Arquivos CampeoesDaCopa/Bandeiras/México.png"; sourceTree = "<group>"; };
		90E8B76A22FB641E00C24410 /* Bolívia.png */ = {isa = PBXFileReference; lastKnownFileType = image.png; name = "Bolívia.png"; path = "../../../Arquivos CampeoesDaCopa/Bandeiras/Bolívia.png"; sourceTree = "<group>"; };
		90E8B76B22FB641E00C24410 /* Camarões.png */ = {isa = PBXFileReference; lastKnownFileType = image.png; name = "Camarões.png"; path = "../../../Arquivos CampeoesDaCopa/Bandeiras/Camarões.png"; sourceTree = "<group>"; };
		90E8B76C22FB641E00C24410 /* Áustria.png */ = {isa = PBXFileReference; lastKnownFileType = image.png; name = "Áustria.png"; path = "../../../Arquivos CampeoesDaCopa/Bandeiras/Áustria.png"; sourceTree = "<group>"; };
		90E8B79E22FB642C00C24410 /* winners.json */ = {isa = PBXFileReference; fileEncoding = 4; lastKnownFileType = text.json; name = winners.json; path = "../../../Arquivos CampeoesDaCopa/winners.json"; sourceTree = "<group>"; };
		90E8B7A122FB66F400C24410 /* WordCupViewController.swift */ = {isa = PBXFileReference; lastKnownFileType = sourcecode.swift; path = WordCupViewController.swift; sourceTree = "<group>"; };
		90E8B7A322FB674C00C24410 /* WorldCup.swift */ = {isa = PBXFileReference; lastKnownFileType = sourcecode.swift; path = WorldCup.swift; sourceTree = "<group>"; };
/* End PBXFileReference section */

/* Begin PBXFrameworksBuildPhase section */
		90E8B71F22FB615A00C24410 /* Frameworks */ = {
			isa = PBXFrameworksBuildPhase;
			buildActionMask = 2147483647;
			files = (
			);
			runOnlyForDeploymentPostprocessing = 0;
		};
/* End PBXFrameworksBuildPhase section */

/* Begin PBXGroup section */
		90E8B71922FB615A00C24410 = {
			isa = PBXGroup;
			children = (
				90E8B72422FB615A00C24410 /* Sc08_App_CampeõesCopaV2 */,
				90E8B72322FB615A00C24410 /* Products */,
			);
			sourceTree = "<group>";
		};
		90E8B72322FB615A00C24410 /* Products */ = {
			isa = PBXGroup;
			children = (
				90E8B72222FB615A00C24410 /* Sc08_App_CampeõesCopaV2.app */,
			);
			name = Products;
			sourceTree = "<group>";
		};
		90E8B72422FB615A00C24410 /* Sc08_App_CampeõesCopaV2 */ = {
			isa = PBXGroup;
			children = (
				90E8B7A022FB644300C24410 /* Models */,
				90E8B73B22FB63E800C24410 /* Controllers */,
				90E8B73A22FB63DF00C24410 /* Views */,
				90E8B73922FB63D700C24410 /* Files */,
				90E8B72522FB615A00C24410 /* AppDelegate.swift */,
				90E8B72C22FB615C00C24410 /* Assets.xcassets */,
				90E8B73122FB615C00C24410 /* Info.plist */,
			);
			path = "Sc08_App_CampeõesCopaV2";
			sourceTree = "<group>";
		};
		90E8B73922FB63D700C24410 /* Files */ = {
			isa = PBXGroup;
			children = (
				90E8B79E22FB642C00C24410 /* winners.json */,
				90E8B74A22FB641C00C24410 /* África do Sul.png */,
				90E8B74222FB641C00C24410 /* Alemanha Ocidental.png */,
				90E8B73F22FB641C00C24410 /* Alemanha Oriental.png */,
				90E8B76822FB641E00C24410 /* Alemanha.png */,
				90E8B73E22FB641C00C24410 /* Arábia Saudita.png */,
				90E8B76722FB641E00C24410 /* Argélia.png */,
				90E8B76022FB641D00C24410 /* Argentina.png */,
				90E8B74C22FB641C00C24410 /* Austrália.png */,
				90E8B76C22FB641E00C24410 /* Áustria.png */,
				90E8B76422FB641D00C24410 /* Bélgica.png */,
				90E8B76A22FB641E00C24410 /* Bolívia.png */,
				90E8B74722FB641C00C24410 /* Brasil.png */,
				90E8B75622FB641D00C24410 /* Bulgária.png */,
				90E8B76B22FB641E00C24410 /* Camarões.png */,
				90E8B74E22FB641C00C24410 /* Chile.png */,
				90E8B75F22FB641D00C24410 /* China.png */,
				90E8B74822FB641C00C24410 /* Colômbia.png */,
				90E8B75322FB641C00C24410 /* Coréia do Sul.png */,
				90E8B73D22FB641C00C24410 /* Costa Rica.png */,
				90E8B75122FB641C00C24410 /* Croácia.png */,
				90E8B75022FB641C00C24410 /* Dinamarca.png */,
				90E8B75822FB641D00C24410 /* Emirados Árabes.png */,
				90E8B75D22FB641D00C24410 /* Espanha.png */,
				90E8B74622FB641C00C24410 /* Estados Unidos.png */,
				90E8B74522FB641C00C24410 /* França.png */,
				90E8B74422FB641C00C24410 /* Gana.png */,
				90E8B76622FB641D00C24410 /* Holanda.png */,
				90E8B74122FB641C00C24410 /* Honduras.png */,
				90E8B75C22FB641D00C24410 /* Hungria.png */,
				90E8B73C22FB641C00C24410 /* Inglaterra.png */,
				90E8B76122FB641D00C24410 /* Itália.png */,
				90E8B75E22FB641D00C24410 /* Iugoslávia.png */,
				90E8B76922FB641E00C24410 /* México.png */,
				90E8B75222FB641C00C24410 /* Noruega.png */,
				90E8B74022FB641C00C24410 /* País de Gales.png */,
				90E8B74F22FB641C00C24410 /* Paraguai.png */,
				90E8B76522FB641D00C24410 /* Peru.png */,
				90E8B75522FB641D00C24410 /* Polônia.png */,
				90E8B75B22FB641D00C24410 /* Portugal.png */,
				90E8B74D22FB641C00C24410 /* República Tcheca.png */,
				90E8B76222FB641D00C24410 /* Romênia.png */,
				90E8B75722FB641D00C24410 /* Rússia.png */,
				90E8B76322FB641D00C24410 /* Suécia.png */,
				90E8B75A22FB641D00C24410 /* Suíça.png */,
				90E8B74B22FB641C00C24410 /* Tchecoslováquia.png */,
				90E8B74322FB641C00C24410 /* Turquia.png */,
				90E8B75422FB641C00C24410 /* Ucrânia.png */,
				90E8B75922FB641D00C24410 /* União Soviética.png */,
				90E8B74922FB641C00C24410 /* Uruguai.png */,
			);
			path = Files;
			sourceTree = "<group>";
		};
		90E8B73A22FB63DF00C24410 /* Views */ = {
			isa = PBXGroup;
			children = (
				90E8B72922FB615B00C24410 /* Main.storyboard */,
				90E8B72E22FB615C00C24410 /* LaunchScreen.storyboard */,
			);
			path = Views;
			sourceTree = "<group>";
		};
		90E8B73B22FB63E800C24410 /* Controllers */ = {
			isa = PBXGroup;
			children = (
				90E8B73722FB628300C24410 /* WinnersTableViewController.swift */,
				90E8B7A122FB66F400C24410 /* WordCupViewController.swift */,
			);
			path = Controllers;
			sourceTree = "<group>";
		};
		90E8B7A022FB644300C24410 /* Models */ = {
			isa = PBXGroup;
			children = (
				90E8B7A322FB674C00C24410 /* WorldCup.swift */,
			);
			path = Models;
			sourceTree = "<group>";
		};
/* End PBXGroup section */

/* Begin PBXNativeTarget section */
		90E8B72122FB615A00C24410 /* Sc08_App_CampeõesCopaV2 */ = {
			isa = PBXNativeTarget;
			buildConfigurationList = 90E8B73422FB615C00C24410 /* Build configuration list for PBXNativeTarget "Sc08_App_CampeõesCopaV2" */;
			buildPhases = (
				90E8B71E22FB615A00C24410 /* Sources */,
				90E8B71F22FB615A00C24410 /* Frameworks */,
				90E8B72022FB615A00C24410 /* Resources */,
			);
			buildRules = (
			);
			dependencies = (
			);
			name = "Sc08_App_CampeõesCopaV2";
			productName = "Sc08_App_CampeõesCopaV2";
			productReference = 90E8B72222FB615A00C24410 /* Sc08_App_CampeõesCopaV2.app */;
			productType = "com.apple.product-type.application";
		};
/* End PBXNativeTarget section */

/* Begin PBXProject section */
		90E8B71A22FB615A00C24410 /* Project object */ = {
			isa = PBXProject;
			attributes = {
				LastSwiftUpdateCheck = 1030;
				LastUpgradeCheck = 1030;
				ORGANIZATIONNAME = paulopr4;
				TargetAttributes = {
					90E8B72122FB615A00C24410 = {
						CreatedOnToolsVersion = 10.3;
					};
				};
			};
			buildConfigurationList = 90E8B71D22FB615A00C24410 /* Build configuration list for PBXProject "Sc08_App_CampeõesCopaV2" */;
			compatibilityVersion = "Xcode 9.3";
			developmentRegion = en;
			hasScannedForEncodings = 0;
			knownRegions = (
				en,
				Base,
			);
			mainGroup = 90E8B71922FB615A00C24410;
			productRefGroup = 90E8B72322FB615A00C24410 /* Products */;
			projectDirPath = "";
			projectRoot = "";
			targets = (
				90E8B72122FB615A00C24410 /* Sc08_App_CampeõesCopaV2 */,
			);
		};
/* End PBXProject section */

/* Begin PBXResourcesBuildPhase section */
		90E8B72022FB615A00C24410 /* Resources */ = {
			isa = PBXResourcesBuildPhase;
			buildActionMask = 2147483647;
			files = (
				90E8B78122FB641E00C24410 /* Dinamarca.png in Resources */,
				90E8B79122FB641E00C24410 /* Argentina.png in Resources */,
				90E8B77822FB641E00C24410 /* Brasil.png in Resources */,
				90E8B77722FB641E00C24410 /* Estados Unidos.png in Resources */,
				90E8B77E22FB641E00C24410 /* República Tcheca.png in Resources */,
				90E8B78D22FB641E00C24410 /* Hungria.png in Resources */,
				90E8B79922FB641E00C24410 /* Alemanha.png in Resources */,
				90E8B78522FB641E00C24410 /* Ucrânia.png in Resources */,
				90E8B77122FB641E00C24410 /* País de Gales.png in Resources */,
				90E8B79222FB641E00C24410 /* Itália.png in Resources */,
				90E8B78722FB641E00C24410 /* Bulgária.png in Resources */,
				90E8B79822FB641E00C24410 /* Argélia.png in Resources */,
				90E8B76F22FB641E00C24410 /* Arábia Saudita.png in Resources */,
				90E8B79D22FB641E00C24410 /* Áustria.png in Resources */,
				90E8B79522FB641E00C24410 /* Bélgica.png in Resources */,
				90E8B77F22FB641E00C24410 /* Chile.png in Resources */,
				90E8B78E22FB641E00C24410 /* Espanha.png in Resources */,
				90E8B78822FB641E00C24410 /* Rússia.png in Resources */,
				90E8B78A22FB641E00C24410 /* União Soviética.png in Resources */,
				90E8B78922FB641E00C24410 /* Emirados Árabes.png in Resources */,
				90E8B73022FB615C00C24410 /* LaunchScreen.storyboard in Resources */,
				90E8B79C22FB641E00C24410 /* Camarões.png in Resources */,
				90E8B77322FB641E00C24410 /* Alemanha Ocidental.png in Resources */,
				90E8B79322FB641E00C24410 /* Romênia.png in Resources */,
				90E8B79F22FB642C00C24410 /* winners.json in Resources */,
				90E8B79A22FB641E00C24410 /* México.png in Resources */,
				90E8B79022FB641E00C24410 /* China.png in Resources */,
				90E8B78222FB641E00C24410 /* Croácia.png in Resources */,
				90E8B78C22FB641E00C24410 /* Portugal.png in Resources */,
				90E8B77622FB641E00C24410 /* França.png in Resources */,
				90E8B77B22FB641E00C24410 /* África do Sul.png in Resources */,
				90E8B78622FB641E00C24410 /* Polônia.png in Resources */,
				90E8B77022FB641E00C24410 /* Alemanha Oriental.png in Resources */,
				90E8B79622FB641E00C24410 /* Peru.png in Resources */,
				90E8B77C22FB641E00C24410 /* Tchecoslováquia.png in Resources */,
				90E8B79422FB641E00C24410 /* Suécia.png in Resources */,
				90E8B77922FB641E00C24410 /* Colômbia.png in Resources */,
				90E8B79B22FB641E00C24410 /* Bolívia.png in Resources */,
				90E8B76E22FB641E00C24410 /* Costa Rica.png in Resources */,
				90E8B78F22FB641E00C24410 /* Iugoslávia.png in Resources */,
				90E8B78422FB641E00C24410 /* Coréia do Sul.png in Resources */,
				90E8B77D22FB641E00C24410 /* Austrália.png in Resources */,
				90E8B77A22FB641E00C24410 /* Uruguai.png in Resources */,
				90E8B78B22FB641E00C24410 /* Suíça.png in Resources */,
				90E8B77522FB641E00C24410 /* Gana.png in Resources */,
				90E8B78322FB641E00C24410 /* Noruega.png in Resources */,
				90E8B79722FB641E00C24410 /* Holanda.png in Resources */,
				90E8B77422FB641E00C24410 /* Turquia.png in Resources */,
				90E8B78022FB641E00C24410 /* Paraguai.png in Resources */,
				90E8B72D22FB615C00C24410 /* Assets.xcassets in Resources */,
				90E8B76D22FB641E00C24410 /* Inglaterra.png in Resources */,
				90E8B77222FB641E00C24410 /* Honduras.png in Resources */,
				90E8B72B22FB615B00C24410 /* Main.storyboard in Resources */,
			);
			runOnlyForDeploymentPostprocessing = 0;
		};
/* End PBXResourcesBuildPhase section */

/* Begin PBXSourcesBuildPhase section */
		90E8B71E22FB615A00C24410 /* Sources */ = {
			isa = PBXSourcesBuildPhase;
			buildActionMask = 2147483647;
			files = (
				90E8B73822FB628300C24410 /* WinnersTableViewController.swift in Sources */,
				90E8B7A422FB674C00C24410 /* WorldCup.swift in Sources */,
				90E8B72622FB615A00C24410 /* AppDelegate.swift in Sources */,
				90E8B7A222FB66F400C24410 /* WordCupViewController.swift in Sources */,
			);
			runOnlyForDeploymentPostprocessing = 0;
		};
/* End PBXSourcesBuildPhase section */

/* Begin PBXVariantGroup section */
		90E8B72922FB615B00C24410 /* Main.storyboard */ = {
			isa = PBXVariantGroup;
			children = (
				90E8B72A22FB615B00C24410 /* Base */,
			);
			name = Main.storyboard;
			sourceTree = "<group>";
		};
		90E8B72E22FB615C00C24410 /* LaunchScreen.storyboard */ = {
			isa = PBXVariantGroup;
			children = (
				90E8B72F22FB615C00C24410 /* Base */,
			);
			name = LaunchScreen.storyboard;
			sourceTree = "<group>";
		};
/* End PBXVariantGroup section */

/* Begin XCBuildConfiguration section */
		90E8B73222FB615C00C24410 /* Debug */ = {
			isa = XCBuildConfiguration;
			buildSettings = {
				ALWAYS_SEARCH_USER_PATHS = NO;
				CLANG_ANALYZER_NONNULL = YES;
				CLANG_ANALYZER_NUMBER_OBJECT_CONVERSION = YES_AGGRESSIVE;
				CLANG_CXX_LANGUAGE_STANDARD = "gnu++14";
				CLANG_CXX_LIBRARY = "libc++";
				CLANG_ENABLE_MODULES = YES;
				CLANG_ENABLE_OBJC_ARC = YES;
				CLANG_ENABLE_OBJC_WEAK = YES;
				CLANG_WARN_BLOCK_CAPTURE_AUTORELEASING = YES;
				CLANG_WARN_BOOL_CONVERSION = YES;
				CLANG_WARN_COMMA = YES;
				CLANG_WARN_CONSTANT_CONVERSION = YES;
				CLANG_WARN_DEPRECATED_OBJC_IMPLEMENTATIONS = YES;
				CLANG_WARN_DIRECT_OBJC_ISA_USAGE = YES_ERROR;
				CLANG_WARN_DOCUMENTATION_COMMENTS = YES;
				CLANG_WARN_EMPTY_BODY = YES;
				CLANG_WARN_ENUM_CONVERSION = YES;
				CLANG_WARN_INFINITE_RECURSION = YES;
				CLANG_WARN_INT_CONVERSION = YES;
				CLANG_WARN_NON_LITERAL_NULL_CONVERSION = YES;
				CLANG_WARN_OBJC_IMPLICIT_RETAIN_SELF = YES;
				CLANG_WARN_OBJC_LITERAL_CONVERSION = YES;
				CLANG_WARN_OBJC_ROOT_CLASS = YES_ERROR;
				CLANG_WARN_RANGE_LOOP_ANALYSIS = YES;
				CLANG_WARN_STRICT_PROTOTYPES = YES;
				CLANG_WARN_SUSPICIOUS_MOVE = YES;
				CLANG_WARN_UNGUARDED_AVAILABILITY = YES_AGGRESSIVE;
				CLANG_WARN_UNREACHABLE_CODE = YES;
				CLANG_WARN__DUPLICATE_METHOD_MATCH = YES;
				CODE_SIGN_IDENTITY = "iPhone Developer";
				COPY_PHASE_STRIP = NO;
				DEBUG_INFORMATION_FORMAT = dwarf;
				ENABLE_STRICT_OBJC_MSGSEND = YES;
				ENABLE_TESTABILITY = YES;
				GCC_C_LANGUAGE_STANDARD = gnu11;
				GCC_DYNAMIC_NO_PIC = NO;
				GCC_NO_COMMON_BLOCKS = YES;
				GCC_OPTIMIZATION_LEVEL = 0;
				GCC_PREPROCESSOR_DEFINITIONS = (
					"DEBUG=1",
					"$(inherited)",
				);
				GCC_WARN_64_TO_32_BIT_CONVERSION = YES;
				GCC_WARN_ABOUT_RETURN_TYPE = YES_ERROR;
				GCC_WARN_UNDECLARED_SELECTOR = YES;
				GCC_WARN_UNINITIALIZED_AUTOS = YES_AGGRESSIVE;
				GCC_WARN_UNUSED_FUNCTION = YES;
				GCC_WARN_UNUSED_VARIABLE = YES;
				IPHONEOS_DEPLOYMENT_TARGET = 12.4;
				MTL_ENABLE_DEBUG_INFO = INCLUDE_SOURCE;
				MTL_FAST_MATH = YES;
				ONLY_ACTIVE_ARCH = YES;
				SDKROOT = iphoneos;
				SWIFT_ACTIVE_COMPILATION_CONDITIONS = DEBUG;
				SWIFT_OPTIMIZATION_LEVEL = "-Onone";
			};
			name = Debug;
		};
		90E8B73322FB615C00C24410 /* Release */ = {
			isa = XCBuildConfiguration;
			buildSettings = {
				ALWAYS_SEARCH_USER_PATHS = NO;
				CLANG_ANALYZER_NONNULL = YES;
				CLANG_ANALYZER_NUMBER_OBJECT_CONVERSION = YES_AGGRESSIVE;
				CLANG_CXX_LANGUAGE_STANDARD = "gnu++14";
				CLANG_CXX_LIBRARY = "libc++";
				CLANG_ENABLE_MODULES = YES;
				CLANG_ENABLE_OBJC_ARC = YES;
				CLANG_ENABLE_OBJC_WEAK = YES;
				CLANG_WARN_BLOCK_CAPTURE_AUTORELEASING = YES;
				CLANG_WARN_BOOL_CONVERSION = YES;
				CLANG_WARN_COMMA = YES;
				CLANG_WARN_CONSTANT_CONVERSION = YES;
				CLANG_WARN_DEPRECATED_OBJC_IMPLEMENTATIONS = YES;
				CLANG_WARN_DIRECT_OBJC_ISA_USAGE = YES_ERROR;
				CLANG_WARN_DOCUMENTATION_COMMENTS = YES;
				CLANG_WARN_EMPTY_BODY = YES;
				CLANG_WARN_ENUM_CONVERSION = YES;
				CLANG_WARN_INFINITE_RECURSION = YES;
				CLANG_WARN_INT_CONVERSION = YES;
				CLANG_WARN_NON_LITERAL_NULL_CONVERSION = YES;
				CLANG_WARN_OBJC_IMPLICIT_RETAIN_SELF = YES;
				CLANG_WARN_OBJC_LITERAL_CONVERSION = YES;
				CLANG_WARN_OBJC_ROOT_CLASS = YES_ERROR;
				CLANG_WARN_RANGE_LOOP_ANALYSIS = YES;
				CLANG_WARN_STRICT_PROTOTYPES = YES;
				CLANG_WARN_SUSPICIOUS_MOVE = YES;
				CLANG_WARN_UNGUARDED_AVAILABILITY = YES_AGGRESSIVE;
				CLANG_WARN_UNREACHABLE_CODE = YES;
				CLANG_WARN__DUPLICATE_METHOD_MATCH = YES;
				CODE_SIGN_IDENTITY = "iPhone Developer";
				COPY_PHASE_STRIP = NO;
				DEBUG_INFORMATION_FORMAT = "dwarf-with-dsym";
				ENABLE_NS_ASSERTIONS = NO;
				ENABLE_STRICT_OBJC_MSGSEND = YES;
				GCC_C_LANGUAGE_STANDARD = gnu11;
				GCC_NO_COMMON_BLOCKS = YES;
				GCC_WARN_64_TO_32_BIT_CONVERSION = YES;
				GCC_WARN_ABOUT_RETURN_TYPE = YES_ERROR;
				GCC_WARN_UNDECLARED_SELECTOR = YES;
				GCC_WARN_UNINITIALIZED_AUTOS = YES_AGGRESSIVE;
				GCC_WARN_UNUSED_FUNCTION = YES;
				GCC_WARN_UNUSED_VARIABLE = YES;
				IPHONEOS_DEPLOYMENT_TARGET = 12.4;
				MTL_ENABLE_DEBUG_INFO = NO;
				MTL_FAST_MATH = YES;
				SDKROOT = iphoneos;
				SWIFT_COMPILATION_MODE = wholemodule;
				SWIFT_OPTIMIZATION_LEVEL = "-O";
				VALIDATE_PRODUCT = YES;
			};
			name = Release;
		};
		90E8B73522FB615C00C24410 /* Debug */ = {
			isa = XCBuildConfiguration;
			buildSettings = {
				ASSETCATALOG_COMPILER_APPICON_NAME = AppIcon;
				CODE_SIGN_STYLE = Automatic;
				INFOPLIST_FILE = "Sc08_App_CampeõesCopaV2/Info.plist";
				LD_RUNPATH_SEARCH_PATHS = (
					"$(inherited)",
					"@executable_path/Frameworks",
				);
				PRODUCT_BUNDLE_IDENTIFIER = "com.pr4trade.paulo.Sc08-App-Campeo-esCopaV2";
				PRODUCT_NAME = "$(TARGET_NAME)";
				SWIFT_VERSION = 5.0;
				TARGETED_DEVICE_FAMILY = "1,2";
			};
			name = Debug;
		};
		90E8B73622FB615C00C24410 /* Release */ = {
			isa = XCBuildConfiguration;
			buildSettings = {
				ASSETCATALOG_COMPILER_APPICON_NAME = AppIcon;
				CODE_SIGN_STYLE = Automatic;
				INFOPLIST_FILE = "Sc08_App_CampeõesCopaV2/Info.plist";
				LD_RUNPATH_SEARCH_PATHS = (
					"$(inherited)",
					"@executable_path/Frameworks",
				);
				PRODUCT_BUNDLE_IDENTIFIER = "com.pr4trade.paulo.Sc08-App-Campeo-esCopaV2";
				PRODUCT_NAME = "$(TARGET_NAME)";
				SWIFT_VERSION = 5.0;
				TARGETED_DEVICE_FAMILY = "1,2";
			};
			name = Release;
		};
/* End XCBuildConfiguration section */

/* Begin XCConfigurationList section */
		90E8B71D22FB615A00C24410 /* Build configuration list for PBXProject "Sc08_App_CampeõesCopaV2" */ = {
			isa = XCConfigurationList;
			buildConfigurations = (
				90E8B73222FB615C00C24410 /* Debug */,
				90E8B73322FB615C00C24410 /* Release */,
			);
			defaultConfigurationIsVisible = 0;
			defaultConfigurationName = Release;
		};
		90E8B73422FB615C00C24410 /* Build configuration list for PBXNativeTarget "Sc08_App_CampeõesCopaV2" */ = {
			isa = XCConfigurationList;
			buildConfigurations = (
				90E8B73522FB615C00C24410 /* Debug */,
				90E8B73622FB615C00C24410 /* Release */,
			);
			defaultConfigurationIsVisible = 0;
			defaultConfigurationName = Release;
		};
/* End XCConfigurationList section */
	};
	rootObject = 90E8B71A22FB615A00C24410 /* Project object */;
}
