// !$*UTF8*$!
{
	archiveVersion = 1;
	classes = {
	};
	objectVersion = 50;
	objects = {

/* Begin PBXBuildFile section */
		9076C72022EA0D0300D2478D /* SettingsViewController.swift in Sources */ = {isa = PBXBuildFile; fileRef = 9076C71F22EA0D0300D2478D /* SettingsViewController.swift */; };
		9076C72222EA0D1A00D2478D /* TaxesViewController.swift in Sources */ = {isa = PBXBuildFile; fileRef = 9076C72122EA0D1A00D2478D /* TaxesViewController.swift */; };
		90E4391022EA0B7100338A2A /* AppDelegate.swift in Sources */ = {isa = PBXBuildFile; fileRef = 90E4390F22EA0B7100338A2A /* AppDelegate.swift */; };
		90E4391222EA0B7100338A2A /*  ShoppingViewController.swift in Sources */ = {isa = PBXBuildFile; fileRef = 90E4391122EA0B7100338A2A /*  ShoppingViewController.swift */; };
		90E4391522EA0B7100338A2A /* Main.storyboard in Resources */ = {isa = PBXBuildFile; fileRef = 90E4391322EA0B7100338A2A /* Main.storyboard */; };
		90E4391722EA0B7200338A2A /* Assets.xcassets in Resources */ = {isa = PBXBuildFile; fileRef = 90E4391622EA0B7200338A2A /* Assets.xcassets */; };
		90E4391A22EA0B7200338A2A /* LaunchScreen.storyboard in Resources */ = {isa = PBXBuildFile; fileRef = 90E4391822EA0B7200338A2A /* LaunchScreen.storyboard */; };
/* End PBXBuildFile section */

/* Begin PBXFileReference section */
		9076C71F22EA0D0300D2478D /* SettingsViewController.swift */ = {isa = PBXFileReference; lastKnownFileType = sourcecode.swift; path = SettingsViewController.swift; sourceTree = "<group>"; };
		9076C72122EA0D1A00D2478D /* TaxesViewController.swift */ = {isa = PBXFileReference; lastKnownFileType = sourcecode.swift; path = TaxesViewController.swift; sourceTree = "<group>"; };
		90E4390C22EA0B7100338A2A /* Sc06_App_ComprasUSA_v2.app */ = {isa = PBXFileReference; explicitFileType = wrapper.application; includeInIndex = 0; path = Sc06_App_ComprasUSA_v2.app; sourceTree = BUILT_PRODUCTS_DIR; };
		90E4390F22EA0B7100338A2A /* AppDelegate.swift */ = {isa = PBXFileReference; lastKnownFileType = sourcecode.swift; path = AppDelegate.swift; sourceTree = "<group>"; };
		90E4391122EA0B7100338A2A /*  ShoppingViewController.swift */ = {isa = PBXFileReference; lastKnownFileType = sourcecode.swift; path = " ShoppingViewController.swift"; sourceTree = "<group>"; };
		90E4391422EA0B7100338A2A /* Base */ = {isa = PBXFileReference; lastKnownFileType = file.storyboard; name = Base; path = Base.lproj/Main.storyboard; sourceTree = "<group>"; };
		90E4391622EA0B7200338A2A /* Assets.xcassets */ = {isa = PBXFileReference; lastKnownFileType = folder.assetcatalog; path = Assets.xcassets; sourceTree = "<group>"; };
		90E4391922EA0B7200338A2A /* Base */ = {isa = PBXFileReference; lastKnownFileType = file.storyboard; name = Base; path = Base.lproj/LaunchScreen.storyboard; sourceTree = "<group>"; };
		90E4391B22EA0B7200338A2A /* Info.plist */ = {isa = PBXFileReference; lastKnownFileType = text.plist.xml; path = Info.plist; sourceTree = "<group>"; };
/* End PBXFileReference section */

/* Begin PBXFrameworksBuildPhase section */
		90E4390922EA0B7100338A2A /* Frameworks */ = {
			isa = PBXFrameworksBuildPhase;
			buildActionMask = 2147483647;
			files = (
			);
			runOnlyForDeploymentPostprocessing = 0;
		};
/* End PBXFrameworksBuildPhase section */

/* Begin PBXGroup section */
		90E4390322EA0B7100338A2A = {
			isa = PBXGroup;
			children = (
				90E4390E22EA0B7100338A2A /* Sc06_App_ComprasUSA_v2 */,
				90E4390D22EA0B7100338A2A /* Products */,
			);
			sourceTree = "<group>";
		};
		90E4390D22EA0B7100338A2A /* Products */ = {
			isa = PBXGroup;
			children = (
				90E4390C22EA0B7100338A2A /* Sc06_App_ComprasUSA_v2.app */,
			);
			name = Products;
			sourceTree = "<group>";
		};
		90E4390E22EA0B7100338A2A /* Sc06_App_ComprasUSA_v2 */ = {
			isa = PBXGroup;
			children = (
				90E4390F22EA0B7100338A2A /* AppDelegate.swift */,
				90E4391122EA0B7100338A2A /*  ShoppingViewController.swift */,
				9076C71F22EA0D0300D2478D /* SettingsViewController.swift */,
				9076C72122EA0D1A00D2478D /* TaxesViewController.swift */,
				90E4391322EA0B7100338A2A /* Main.storyboard */,
				90E4391622EA0B7200338A2A /* Assets.xcassets */,
				90E4391822EA0B7200338A2A /* LaunchScreen.storyboard */,
				90E4391B22EA0B7200338A2A /* Info.plist */,
			);
			path = Sc06_App_ComprasUSA_v2;
			sourceTree = "<group>";
		};
/* End PBXGroup section */

/* Begin PBXNativeTarget section */
		90E4390B22EA0B7100338A2A /* Sc06_App_ComprasUSA_v2 */ = {
			isa = PBXNativeTarget;
			buildConfigurationList = 90E4391E22EA0B7200338A2A /* Build configuration list for PBXNativeTarget "Sc06_App_ComprasUSA_v2" */;
			buildPhases = (
				90E4390822EA0B7100338A2A /* Sources */,
				90E4390922EA0B7100338A2A /* Frameworks */,
				90E4390A22EA0B7100338A2A /* Resources */,
			);
			buildRules = (
			);
			dependencies = (
			);
			name = Sc06_App_ComprasUSA_v2;
			productName = Sc06_App_ComprasUSA_v2;
			productReference = 90E4390C22EA0B7100338A2A /* Sc06_App_ComprasUSA_v2.app */;
			productType = "com.apple.product-type.application";
		};
/* End PBXNativeTarget section */

/* Begin PBXProject section */
		90E4390422EA0B7100338A2A /* Project object */ = {
			isa = PBXProject;
			attributes = {
				LastSwiftUpdateCheck = 1030;
				LastUpgradeCheck = 1030;
				ORGANIZATIONNAME = paulopr4;
				TargetAttributes = {
					90E4390B22EA0B7100338A2A = {
						CreatedOnToolsVersion = 10.3;
					};
				};
			};
			buildConfigurationList = 90E4390722EA0B7100338A2A /* Build configuration list for PBXProject "Sc06_App_ComprasUSA_v2" */;
			compatibilityVersion = "Xcode 9.3";
			developmentRegion = en;
			hasScannedForEncodings = 0;
			knownRegions = (
				en,
				Base,
			);
			mainGroup = 90E4390322EA0B7100338A2A;
			productRefGroup = 90E4390D22EA0B7100338A2A /* Products */;
			projectDirPath = "";
			projectRoot = "";
			targets = (
				90E4390B22EA0B7100338A2A /* Sc06_App_ComprasUSA_v2 */,
			);
		};
/* End PBXProject section */

/* Begin PBXResourcesBuildPhase section */
		90E4390A22EA0B7100338A2A /* Resources */ = {
			isa = PBXResourcesBuildPhase;
			buildActionMask = 2147483647;
			files = (
				90E4391A22EA0B7200338A2A /* LaunchScreen.storyboard in Resources */,
				90E4391722EA0B7200338A2A /* Assets.xcassets in Resources */,
				90E4391522EA0B7100338A2A /* Main.storyboard in Resources */,
			);
			runOnlyForDeploymentPostprocessing = 0;
		};
/* End PBXResourcesBuildPhase section */

/* Begin PBXSourcesBuildPhase section */
		90E4390822EA0B7100338A2A /* Sources */ = {
			isa = PBXSourcesBuildPhase;
			buildActionMask = 2147483647;
			files = (
				9076C72222EA0D1A00D2478D /* TaxesViewController.swift in Sources */,
				90E4391222EA0B7100338A2A /*  ShoppingViewController.swift in Sources */,
				90E4391022EA0B7100338A2A /* AppDelegate.swift in Sources */,
				9076C72022EA0D0300D2478D /* SettingsViewController.swift in Sources */,
			);
			runOnlyForDeploymentPostprocessing = 0;
		};
/* End PBXSourcesBuildPhase section */

/* Begin PBXVariantGroup section */
		90E4391322EA0B7100338A2A /* Main.storyboard */ = {
			isa = PBXVariantGroup;
			children = (
				90E4391422EA0B7100338A2A /* Base */,
			);
			name = Main.storyboard;
			sourceTree = "<group>";
		};
		90E4391822EA0B7200338A2A /* LaunchScreen.storyboard */ = {
			isa = PBXVariantGroup;
			children = (
				90E4391922EA0B7200338A2A /* Base */,
			);
			name = LaunchScreen.storyboard;
			sourceTree = "<group>";
		};
/* End PBXVariantGroup section */

/* Begin XCBuildConfiguration section */
		90E4391C22EA0B7200338A2A /* Debug */ = {
			isa = XCBuildConfiguration;
			buildSettings = {
				ALWAYS_SEARCH_USER_PATHS = NO;
				CLANG_ANALYZER_NONNULL = YES;
				CLANG_ANALYZER_NUMBER_OBJECT_CONVERSION = YES_AGGRESSIVE;
				CLANG_CXX_LANGUAGE_STANDARD = "gnu++14";
				CLANG_CXX_LIBRARY = "libc++";
				CLANG_ENABLE_MODULES = YES;
				CLANG_ENABLE_OBJC_ARC = YES;
				CLANG_ENABLE_OBJC_WEAK = YES;
				CLANG_WARN_BLOCK_CAPTURE_AUTORELEASING = YES;
				CLANG_WARN_BOOL_CONVERSION = YES;
				CLANG_WARN_COMMA = YES;
				CLANG_WARN_CONSTANT_CONVERSION = YES;
				CLANG_WARN_DEPRECATED_OBJC_IMPLEMENTATIONS = YES;
				CLANG_WARN_DIRECT_OBJC_ISA_USAGE = YES_ERROR;
				CLANG_WARN_DOCUMENTATION_COMMENTS = YES;
				CLANG_WARN_EMPTY_BODY = YES;
				CLANG_WARN_ENUM_CONVERSION = YES;
				CLANG_WARN_INFINITE_RECURSION = YES;
				CLANG_WARN_INT_CONVERSION = YES;
				CLANG_WARN_NON_LITERAL_NULL_CONVERSION = YES;
				CLANG_WARN_OBJC_IMPLICIT_RETAIN_SELF = YES;
				CLANG_WARN_OBJC_LITERAL_CONVERSION = YES;
				CLANG_WARN_OBJC_ROOT_CLASS = YES_ERROR;
				CLANG_WARN_RANGE_LOOP_ANALYSIS = YES;
				CLANG_WARN_STRICT_PROTOTYPES = YES;
				CLANG_WARN_SUSPICIOUS_MOVE = YES;
				CLANG_WARN_UNGUARDED_AVAILABILITY = YES_AGGRESSIVE;
				CLANG_WARN_UNREACHABLE_CODE = YES;
				CLANG_WARN__DUPLICATE_METHOD_MATCH = YES;
				CODE_SIGN_IDENTITY = "iPhone Developer";
				COPY_PHASE_STRIP = NO;
				DEBUG_INFORMATION_FORMAT = dwarf;
				ENABLE_STRICT_OBJC_MSGSEND = YES;
				ENABLE_TESTABILITY = YES;
				GCC_C_LANGUAGE_STANDARD = gnu11;
				GCC_DYNAMIC_NO_PIC = NO;
				GCC_NO_COMMON_BLOCKS = YES;
				GCC_OPTIMIZATION_LEVEL = 0;
				GCC_PREPROCESSOR_DEFINITIONS = (
					"DEBUG=1",
					"$(inherited)",
				);
				GCC_WARN_64_TO_32_BIT_CONVERSION = YES;
				GCC_WARN_ABOUT_RETURN_TYPE = YES_ERROR;
				GCC_WARN_UNDECLARED_SELECTOR = YES;
				GCC_WARN_UNINITIALIZED_AUTOS = YES_AGGRESSIVE;
				GCC_WARN_UNUSED_FUNCTION = YES;
				GCC_WARN_UNUSED_VARIABLE = YES;
				IPHONEOS_DEPLOYMENT_TARGET = 12.4;
				MTL_ENABLE_DEBUG_INFO = INCLUDE_SOURCE;
				MTL_FAST_MATH = YES;
				ONLY_ACTIVE_ARCH = YES;
				SDKROOT = iphoneos;
				SWIFT_ACTIVE_COMPILATION_CONDITIONS = DEBUG;
				SWIFT_OPTIMIZATION_LEVEL = "-Onone";
			};
			name = Debug;
		};
		90E4391D22EA0B7200338A2A /* Release */ = {
			isa = XCBuildConfiguration;
			buildSettings = {
				ALWAYS_SEARCH_USER_PATHS = NO;
				CLANG_ANALYZER_NONNULL = YES;
				CLANG_ANALYZER_NUMBER_OBJECT_CONVERSION = YES_AGGRESSIVE;
				CLANG_CXX_LANGUAGE_STANDARD = "gnu++14";
				CLANG_CXX_LIBRARY = "libc++";
				CLANG_ENABLE_MODULES = YES;
				CLANG_ENABLE_OBJC_ARC = YES;
				CLANG_ENABLE_OBJC_WEAK = YES;
				CLANG_WARN_BLOCK_CAPTURE_AUTORELEASING = YES;
				CLANG_WARN_BOOL_CONVERSION = YES;
				CLANG_WARN_COMMA = YES;
				CLANG_WARN_CONSTANT_CONVERSION = YES;
				CLANG_WARN_DEPRECATED_OBJC_IMPLEMENTATIONS = YES;
				CLANG_WARN_DIRECT_OBJC_ISA_USAGE = YES_ERROR;
				CLANG_WARN_DOCUMENTATION_COMMENTS = YES;
				CLANG_WARN_EMPTY_BODY = YES;
				CLANG_WARN_ENUM_CONVERSION = YES;
				CLANG_WARN_INFINITE_RECURSION = YES;
				CLANG_WARN_INT_CONVERSION = YES;
				CLANG_WARN_NON_LITERAL_NULL_CONVERSION = YES;
				CLANG_WARN_OBJC_IMPLICIT_RETAIN_SELF = YES;
				CLANG_WARN_OBJC_LITERAL_CONVERSION = YES;
				CLANG_WARN_OBJC_ROOT_CLASS = YES_ERROR;
				CLANG_WARN_RANGE_LOOP_ANALYSIS = YES;
				CLANG_WARN_STRICT_PROTOTYPES = YES;
				CLANG_WARN_SUSPICIOUS_MOVE = YES;
				CLANG_WARN_UNGUARDED_AVAILABILITY = YES_AGGRESSIVE;
				CLANG_WARN_UNREACHABLE_CODE = YES;
				CLANG_WARN__DUPLICATE_METHOD_MATCH = YES;
				CODE_SIGN_IDENTITY = "iPhone Developer";
				COPY_PHASE_STRIP = NO;
				DEBUG_INFORMATION_FORMAT = "dwarf-with-dsym";
				ENABLE_NS_ASSERTIONS = NO;
				ENABLE_STRICT_OBJC_MSGSEND = YES;
				GCC_C_LANGUAGE_STANDARD = gnu11;
				GCC_NO_COMMON_BLOCKS = YES;
				GCC_WARN_64_TO_32_BIT_CONVERSION = YES;
				GCC_WARN_ABOUT_RETURN_TYPE = YES_ERROR;
				GCC_WARN_UNDECLARED_SELECTOR = YES;
				GCC_WARN_UNINITIALIZED_AUTOS = YES_AGGRESSIVE;
				GCC_WARN_UNUSED_FUNCTION = YES;
				GCC_WARN_UNUSED_VARIABLE = YES;
				IPHONEOS_DEPLOYMENT_TARGET = 12.4;
				MTL_ENABLE_DEBUG_INFO = NO;
				MTL_FAST_MATH = YES;
				SDKROOT = iphoneos;
				SWIFT_COMPILATION_MODE = wholemodule;
				SWIFT_OPTIMIZATION_LEVEL = "-O";
				VALIDATE_PRODUCT = YES;
			};
			name = Release;
		};
		90E4391F22EA0B7200338A2A /* Debug */ = {
			isa = XCBuildConfiguration;
			buildSettings = {
				ASSETCATALOG_COMPILER_APPICON_NAME = AppIcon;
				CODE_SIGN_STYLE = Automatic;
				DEVELOPMENT_TEAM = PC76ST9CMU;
				INFOPLIST_FILE = Sc06_App_ComprasUSA_v2/Info.plist;
				LD_RUNPATH_SEARCH_PATHS = (
					"$(inherited)",
					"@executable_path/Frameworks",
				);
				PRODUCT_BUNDLE_IDENTIFIER = "com.pr4trade.paulo.Sc06-App-ComprasUSA-v2";
				PRODUCT_NAME = "$(TARGET_NAME)";
				SWIFT_VERSION = 5.0;
				TARGETED_DEVICE_FAMILY = "1,2";
			};
			name = Debug;
		};
		90E4392022EA0B7200338A2A /* Release */ = {
			isa = XCBuildConfiguration;
			buildSettings = {
				ASSETCATALOG_COMPILER_APPICON_NAME = AppIcon;
				CODE_SIGN_STYLE = Automatic;
				DEVELOPMENT_TEAM = PC76ST9CMU;
				INFOPLIST_FILE = Sc06_App_ComprasUSA_v2/Info.plist;
				LD_RUNPATH_SEARCH_PATHS = (
					"$(inherited)",
					"@executable_path/Frameworks",
				);
				PRODUCT_BUNDLE_IDENTIFIER = "com.pr4trade.paulo.Sc06-App-ComprasUSA-v2";
				PRODUCT_NAME = "$(TARGET_NAME)";
				SWIFT_VERSION = 5.0;
				TARGETED_DEVICE_FAMILY = "1,2";
			};
			name = Release;
		};
/* End XCBuildConfiguration section */

/* Begin XCConfigurationList section */
		90E4390722EA0B7100338A2A /* Build configuration list for PBXProject "Sc06_App_ComprasUSA_v2" */ = {
			isa = XCConfigurationList;
			buildConfigurations = (
				90E4391C22EA0B7200338A2A /* Debug */,
				90E4391D22EA0B7200338A2A /* Release */,
			);
			defaultConfigurationIsVisible = 0;
			defaultConfigurationName = Release;
		};
		90E4391E22EA0B7200338A2A /* Build configuration list for PBXNativeTarget "Sc06_App_ComprasUSA_v2" */ = {
			isa = XCConfigurationList;
			buildConfigurations = (
				90E4391F22EA0B7200338A2A /* Debug */,
				90E4392022EA0B7200338A2A /* Release */,
			);
			defaultConfigurationIsVisible = 0;
			defaultConfigurationName = Release;
		};
/* End XCConfigurationList section */
	};
	rootObject = 90E4390422EA0B7100338A2A /* Project object */;
}
